{
  "name": "AzureDevOpsYAMLtest",
  "version": "1.0.0",
  "lockfileVersion": 3,
  "requires": true,
  "scripts": {
    "test": "jest",  // Or the test framework you use
    "build": "webpack"  // Replace with your actual build process
  },
  "dependencies": {
    "express": "^4.17.1"  // Add your dependencies here
  }
}
